
Microsoft Visual Studio Solution File, Format Version 12.00
# Visual Studio Version 16
VisualStudioVersion = 16.0.31424.327
MinimumVisualStudioVersion = 10.0.40219.1
Project("{8BC9CEB8-8B4A-11D0-8D11-00A0C91BC942}") = "条件变量", "条件变量\条件变量.vcxproj", "{DFAEAA6E-6A5B-4E3A-8B39-61AD86C9C4C6}"
EndProject
Global
	GlobalSection(SolutionConfigurationPlatforms) = preSolution
		Debug|x64 = Debug|x64
		Debug|x86 = Debug|x86
		Release|x64 = Release|x64
		Release|x86 = Release|x86
	EndGlobalSection
	GlobalSection(ProjectConfigurationPlatforms) = postSolution
		{DFAEAA6E-6A5B-4E3A-8B39-61AD86C9C4C6}.Debug|x64.ActiveCfg = Debug|x64
		{DFAEAA6E-6A5B-4E3A-8B39-61AD86C9C4C6}.Debug|x64.Build.0 = Debug|x64
		{DFAEAA6E-6A5B-4E3A-8B39-61AD86C9C4C6}.Debug|x86.ActiveCfg = Debug|Win32
		{DFAEAA6E-6A5B-4E3A-8B39-61AD86C9C4C6}.Debug|x86.Build.0 = Debug|Win32
		{DFAEAA6E-6A5B-4E3A-8B39-61AD86C9C4C6}.Release|x64.ActiveCfg = Release|x64
		{DFAEAA6E-6A5B-4E3A-8B39-61AD86C9C4C6}.Release|x64.Build.0 = Release|x64
		{DFAEAA6E-6A5B-4E3A-8B39-61AD86C9C4C6}.Release|x86.ActiveCfg = Release|Win32
		{DFAEAA6E-6A5B-4E3A-8B39-61AD86C9C4C6}.Release|x86.Build.0 = Release|Win32
	EndGlobalSection
	GlobalSection(SolutionProperties) = preSolution
		HideSolutionNode = FALSE
	EndGlobalSection
	GlobalSection(ExtensibilityGlobals) = postSolution
		SolutionGuid = {294C86D0-B898-4174-8785-59F5CE5DCA13}
	EndGlobalSection
EndGlobal
