
Microsoft Visual Studio Solution File, Format Version 12.00
# Visual Studio Version 16
VisualStudioVersion = 16.0.31424.327
MinimumVisualStudioVersion = 10.0.40219.1
Project("{8BC9CEB8-8B4A-11D0-8D11-00A0C91BC942}") = "独享锁", "独享锁\独享锁.vcxproj", "{FC9523E8-1A15-4C90-8CB4-A2FB90BBFEBE}"
EndProject
Global
	GlobalSection(SolutionConfigurationPlatforms) = preSolution
		Debug|x64 = Debug|x64
		Debug|x86 = Debug|x86
		Release|x64 = Release|x64
		Release|x86 = Release|x86
	EndGlobalSection
	GlobalSection(ProjectConfigurationPlatforms) = postSolution
		{FC9523E8-1A15-4C90-8CB4-A2FB90BBFEBE}.Debug|x64.ActiveCfg = Debug|x64
		{FC9523E8-1A15-4C90-8CB4-A2FB90BBFEBE}.Debug|x64.Build.0 = Debug|x64
		{FC9523E8-1A15-4C90-8CB4-A2FB90BBFEBE}.Debug|x86.ActiveCfg = Debug|Win32
		{FC9523E8-1A15-4C90-8CB4-A2FB90BBFEBE}.Debug|x86.Build.0 = Debug|Win32
		{FC9523E8-1A15-4C90-8CB4-A2FB90BBFEBE}.Release|x64.ActiveCfg = Release|x64
		{FC9523E8-1A15-4C90-8CB4-A2FB90BBFEBE}.Release|x64.Build.0 = Release|x64
		{FC9523E8-1A15-4C90-8CB4-A2FB90BBFEBE}.Release|x86.ActiveCfg = Release|Win32
		{FC9523E8-1A15-4C90-8CB4-A2FB90BBFEBE}.Release|x86.Build.0 = Release|Win32
	EndGlobalSection
	GlobalSection(SolutionProperties) = preSolution
		HideSolutionNode = FALSE
	EndGlobalSection
	GlobalSection(ExtensibilityGlobals) = postSolution
		SolutionGuid = {C590D4E8-B57B-47CB-A564-FAE2E0F2AA2D}
	EndGlobalSection
EndGlobal
