
Microsoft Visual Studio Solution File, Format Version 12.00
# Visual Studio Version 16
VisualStudioVersion = 16.0.31424.327
MinimumVisualStudioVersion = 10.0.40219.1
Project("{8BC9CEB8-8B4A-11D0-8D11-00A0C91BC942}") = "线性表", "线性表\线性表.vcxproj", "{D5CEA20F-8DE1-4C44-B450-9DA9A31FACEF}"
EndProject
Global
	GlobalSection(SolutionConfigurationPlatforms) = preSolution
		Debug|x64 = Debug|x64
		Debug|x86 = Debug|x86
		Release|x64 = Release|x64
		Release|x86 = Release|x86
	EndGlobalSection
	GlobalSection(ProjectConfigurationPlatforms) = postSolution
		{D5CEA20F-8DE1-4C44-B450-9DA9A31FACEF}.Debug|x64.ActiveCfg = Debug|x64
		{D5CEA20F-8DE1-4C44-B450-9DA9A31FACEF}.Debug|x64.Build.0 = Debug|x64
		{D5CEA20F-8DE1-4C44-B450-9DA9A31FACEF}.Debug|x86.ActiveCfg = Debug|Win32
		{D5CEA20F-8DE1-4C44-B450-9DA9A31FACEF}.Debug|x86.Build.0 = Debug|Win32
		{D5CEA20F-8DE1-4C44-B450-9DA9A31FACEF}.Release|x64.ActiveCfg = Release|x64
		{D5CEA20F-8DE1-4C44-B450-9DA9A31FACEF}.Release|x64.Build.0 = Release|x64
		{D5CEA20F-8DE1-4C44-B450-9DA9A31FACEF}.Release|x86.ActiveCfg = Release|Win32
		{D5CEA20F-8DE1-4C44-B450-9DA9A31FACEF}.Release|x86.Build.0 = Release|Win32
	EndGlobalSection
	GlobalSection(SolutionProperties) = preSolution
		HideSolutionNode = FALSE
	EndGlobalSection
	GlobalSection(ExtensibilityGlobals) = postSolution
		SolutionGuid = {E00B19C1-3212-4483-8F82-1FD7E5CDC100}
	EndGlobalSection
EndGlobal
